
Microsoft Visual Studio Solution File, Format Version 12.00
# Visual Studio Version 17
VisualStudioVersion = 17.11.35327.3
MinimumVisualStudioVersion = 10.0.40219.1
Project("{FAE04EC0-301F-11D3-BF4B-00C04F79EFBC}") = "WpfApp6", "WpfApp6\WpfApp6.csproj", "{FEDD81F2-9F38-4C54-B842-91736ADB2F94}"
EndProject
Global
	GlobalSection(SolutionConfigurationPlatforms) = preSolution
		Debug|Any CPU = Debug|Any CPU
		Release|Any CPU = Release|Any CPU
	EndGlobalSection
	GlobalSection(ProjectConfigurationPlatforms) = postSolution
		{FEDD81F2-9F38-4C54-B842-91736ADB2F94}.Debug|Any CPU.ActiveCfg = Debug|Any CPU
		{FEDD81F2-9F38-4C54-B842-91736ADB2F94}.Debug|Any CPU.Build.0 = Debug|Any CPU
		{FEDD81F2-9F38-4C54-B842-91736ADB2F94}.Release|Any CPU.ActiveCfg = Release|Any CPU
		{FEDD81F2-9F38-4C54-B842-91736ADB2F94}.Release|Any CPU.Build.0 = Release|Any CPU
	EndGlobalSection
	GlobalSection(SolutionProperties) = preSolution
		HideSolutionNode = FALSE
	EndGlobalSection
	GlobalSection(ExtensibilityGlobals) = postSolution
		SolutionGuid = {68E0882C-C2E4-465A-8DE6-53A2ED0805DA}
	EndGlobalSection
EndGlobal
